
Microsoft Visual Studio Solution File, Format Version 12.00
# Visual Studio Version 16
VisualStudioVersion = 16.0.30128.74
MinimumVisualStudioVersion = 10.0.40219.1
Project("{FAE04EC0-301F-11D3-BF4B-00C04F79EFBC}") = "MesaAyudaCEIM5", "MesaAyudaCEIM5\MesaAyudaCEIM5.csproj", "{36CCA4C2-EE33-49F6-B7EA-7EE649F4EEBC}"
EndProject
Global
	GlobalSection(SolutionConfigurationPlatforms) = preSolution
		Debug|Any CPU = Debug|Any CPU
		Release|Any CPU = Release|Any CPU
	EndGlobalSection
	GlobalSection(ProjectConfigurationPlatforms) = postSolution
		{36CCA4C2-EE33-49F6-B7EA-7EE649F4EEBC}.Debug|Any CPU.ActiveCfg = Debug|Any CPU
		{36CCA4C2-EE33-49F6-B7EA-7EE649F4EEBC}.Debug|Any CPU.Build.0 = Debug|Any CPU
		{36CCA4C2-EE33-49F6-B7EA-7EE649F4EEBC}.Release|Any CPU.ActiveCfg = Release|Any CPU
		{36CCA4C2-EE33-49F6-B7EA-7EE649F4EEBC}.Release|Any CPU.Build.0 = Release|Any CPU
	EndGlobalSection
	GlobalSection(SolutionProperties) = preSolution
		HideSolutionNode = FALSE
	EndGlobalSection
	GlobalSection(ExtensibilityGlobals) = postSolution
		SolutionGuid = {E4333F5D-66FC-4D70-9AF4-F0F262AC2774}
	EndGlobalSection
EndGlobal
